
Microsoft Visual Studio Solution File, Format Version 12.00
# Visual Studio Version 17
VisualStudioVersion = 17.4.33205.214
MinimumVisualStudioVersion = 10.0.40219.1
Project("{9A19103F-16F7-4668-BE54-9A1E7A4F7556}") = "BookList", "BookList\BookList.csproj", "{4CFC2D02-64F8-4D20-944D-B998F029165E}"
EndProject
Global
	GlobalSection(SolutionConfigurationPlatforms) = preSolution
		Debug|Any CPU = Debug|Any CPU
		Release|Any CPU = Release|Any CPU
	EndGlobalSection
	GlobalSection(ProjectConfigurationPlatforms) = postSolution
		{4CFC2D02-64F8-4D20-944D-B998F029165E}.Debug|Any CPU.ActiveCfg = Debug|Any CPU
		{4CFC2D02-64F8-4D20-944D-B998F029165E}.Debug|Any CPU.Build.0 = Debug|Any CPU
		{4CFC2D02-64F8-4D20-944D-B998F029165E}.Release|Any CPU.ActiveCfg = Release|Any CPU
		{4CFC2D02-64F8-4D20-944D-B998F029165E}.Release|Any CPU.Build.0 = Release|Any CPU
	EndGlobalSection
	GlobalSection(SolutionProperties) = preSolution
		HideSolutionNode = FALSE
	EndGlobalSection
	GlobalSection(ExtensibilityGlobals) = postSolution
		SolutionGuid = {D66DC66F-9C75-41BB-8F62-DBB76076D4C3}
	EndGlobalSection
EndGlobal
